// !$*UTF8*$!
{
	archiveVersion = 1;
	classes = {
	};
	objectVersion = 56;
	objects = {

/* Begin PBXBuildFile section */
		97A633D52AF8AC9F00E8B8F4 /* MovieApp.swift in Sources */ = {isa = PBXBuildFile; fileRef = 97A633D42AF8AC9F00E8B8F4 /* MovieApp.swift */; };
		97A633D72AF8AC9F00E8B8F4 /* ContentView.swift in Sources */ = {isa = PBXBuildFile; fileRef = 97A633D62AF8AC9F00E8B8F4 /* ContentView.swift */; };
		97A633D92AF8ACA100E8B8F4 /* Assets.xcassets in Resources */ = {isa = PBXBuildFile; fileRef = 97A633D82AF8ACA100E8B8F4 /* Assets.xcassets */; };
		97A633DC2AF8ACA100E8B8F4 /* Preview Assets.xcassets in Resources */ = {isa = PBXBuildFile; fileRef = 97A633DB2AF8ACA100E8B8F4 /* Preview Assets.xcassets */; };
		97A633E62AF8ACA200E8B8F4 /* MovieTests.swift in Sources */ = {isa = PBXBuildFile; fileRef = 97A633E52AF8ACA200E8B8F4 /* MovieTests.swift */; };
		97A633F02AF8ACA200E8B8F4 /* MovieUITests.swift in Sources */ = {isa = PBXBuildFile; fileRef = 97A633EF2AF8ACA200E8B8F4 /* MovieUITests.swift */; };
		97A633F22AF8ACA200E8B8F4 /* MovieUITestsLaunchTests.swift in Sources */ = {isa = PBXBuildFile; fileRef = 97A633F12AF8ACA200E8B8F4 /* MovieUITestsLaunchTests.swift */; };
/* End PBXBuildFile section */

/* Begin PBXContainerItemProxy section */
		97A633E22AF8ACA200E8B8F4 /* PBXContainerItemProxy */ = {
			isa = PBXContainerItemProxy;
			containerPortal = 97A633C92AF8AC9F00E8B8F4 /* Project object */;
			proxyType = 1;
			remoteGlobalIDString = 97A633D02AF8AC9F00E8B8F4;
			remoteInfo = Movie;
		};
		97A633EC2AF8ACA200E8B8F4 /* PBXContainerItemProxy */ = {
			isa = PBXContainerItemProxy;
			containerPortal = 97A633C92AF8AC9F00E8B8F4 /* Project object */;
			proxyType = 1;
			remoteGlobalIDString = 97A633D02AF8AC9F00E8B8F4;
			remoteInfo = Movie;
		};
/* End PBXContainerItemProxy section */

/* Begin PBXFileReference section */
		97A633D12AF8AC9F00E8B8F4 /* Movie.app */ = {isa = PBXFileReference; explicitFileType = wrapper.application; includeInIndex = 0; path = Movie.app; sourceTree = BUILT_PRODUCTS_DIR; };
		97A633D42AF8AC9F00E8B8F4 /* MovieApp.swift */ = {isa = PBXFileReference; lastKnownFileType = sourcecode.swift; path = MovieApp.swift; sourceTree = "<group>"; };
		97A633D62AF8AC9F00E8B8F4 /* ContentView.swift */ = {isa = PBXFileReference; lastKnownFileType = sourcecode.swift; path = ContentView.swift; sourceTree = "<group>"; };
		97A633D82AF8ACA100E8B8F4 /* Assets.xcassets */ = {isa = PBXFileReference; lastKnownFileType = folder.assetcatalog; path = Assets.xcassets; sourceTree = "<group>"; };
		97A633DB2AF8ACA100E8B8F4 /* Preview Assets.xcassets */ = {isa = PBXFileReference; lastKnownFileType = folder.assetcatalog; path = "Preview Assets.xcassets"; sourceTree = "<group>"; };
		97A633E12AF8ACA200E8B8F4 /* MovieTests.xctest */ = {isa = PBXFileReference; explicitFileType = wrapper.cfbundle; includeInIndex = 0; path = MovieTests.xctest; sourceTree = BUILT_PRODUCTS_DIR; };
		97A633E52AF8ACA200E8B8F4 /* MovieTests.swift */ = {isa = PBXFileReference; lastKnownFileType = sourcecode.swift; path = MovieTests.swift; sourceTree = "<group>"; };
		97A633EB2AF8ACA200E8B8F4 /* MovieUITests.xctest */ = {isa = PBXFileReference; explicitFileType = wrapper.cfbundle; includeInIndex = 0; path = MovieUITests.xctest; sourceTree = BUILT_PRODUCTS_DIR; };
		97A633EF2AF8ACA200E8B8F4 /* MovieUITests.swift */ = {isa = PBXFileReference; lastKnownFileType = sourcecode.swift; path = MovieUITests.swift; sourceTree = "<group>"; };
		97A633F12AF8ACA200E8B8F4 /* MovieUITestsLaunchTests.swift */ = {isa = PBXFileReference; lastKnownFileType = sourcecode.swift; path = MovieUITestsLaunchTests.swift; sourceTree = "<group>"; };
/* End PBXFileReference section */

/* Begin PBXFrameworksBuildPhase section */
		97A633CE2AF8AC9F00E8B8F4 /* Frameworks */ = {
			isa = PBXFrameworksBuildPhase;
			buildActionMask = 2147483647;
			files = (
			);
			runOnlyForDeploymentPostprocessing = 0;
		};
		97A633DE2AF8ACA200E8B8F4 /* Frameworks */ = {
			isa = PBXFrameworksBuildPhase;
			buildActionMask = 2147483647;
			files = (
			);
			runOnlyForDeploymentPostprocessing = 0;
		};
		97A633E82AF8ACA200E8B8F4 /* Frameworks */ = {
			isa = PBXFrameworksBuildPhase;
			buildActionMask = 2147483647;
			files = (
			);
			runOnlyForDeploymentPostprocessing = 0;
		};
/* End PBXFrameworksBuildPhase section */

/* Begin PBXGroup section */
		97A633C82AF8AC9F00E8B8F4 = {
			isa = PBXGroup;
			children = (
				97A633D32AF8AC9F00E8B8F4 /* Movie */,
				97A633E42AF8ACA200E8B8F4 /* MovieTests */,
				97A633EE2AF8ACA200E8B8F4 /* MovieUITests */,
				97A633D22AF8AC9F00E8B8F4 /* Products */,
			);
			sourceTree = "<group>";
		};
		97A633D22AF8AC9F00E8B8F4 /* Products */ = {
			isa = PBXGroup;
			children = (
				97A633D12AF8AC9F00E8B8F4 /* Movie.app */,
				97A633E12AF8ACA200E8B8F4 /* MovieTests.xctest */,
				97A633EB2AF8ACA200E8B8F4 /* MovieUITests.xctest */,
			);
			name = Products;
			sourceTree = "<group>";
		};
		97A633D32AF8AC9F00E8B8F4 /* Movie */ = {
			isa = PBXGroup;
			children = (
				97A633D42AF8AC9F00E8B8F4 /* MovieApp.swift */,
				97A633D62AF8AC9F00E8B8F4 /* ContentView.swift */,
				97A633D82AF8ACA100E8B8F4 /* Assets.xcassets */,
				97A633DA2AF8ACA100E8B8F4 /* Preview Content */,
			);
			path = Movie;
			sourceTree = "<group>";
		};
		97A633DA2AF8ACA100E8B8F4 /* Preview Content */ = {
			isa = PBXGroup;
			children = (
				97A633DB2AF8ACA100E8B8F4 /* Preview Assets.xcassets */,
			);
			path = "Preview Content";
			sourceTree = "<group>";
		};
		97A633E42AF8ACA200E8B8F4 /* MovieTests */ = {
			isa = PBXGroup;
			children = (
				97A633E52AF8ACA200E8B8F4 /* MovieTests.swift */,
			);
			path = MovieTests;
			sourceTree = "<group>";
		};
		97A633EE2AF8ACA200E8B8F4 /* MovieUITests */ = {
			isa = PBXGroup;
			children = (
				97A633EF2AF8ACA200E8B8F4 /* MovieUITests.swift */,
				97A633F12AF8ACA200E8B8F4 /* MovieUITestsLaunchTests.swift */,
			);
			path = MovieUITests;
			sourceTree = "<group>";
		};
/* End PBXGroup section */

/* Begin PBXNativeTarget section */
		97A633D02AF8AC9F00E8B8F4 /* Movie */ = {
			isa = PBXNativeTarget;
			buildConfigurationList = 97A633F52AF8ACA200E8B8F4 /* Build configuration list for PBXNativeTarget "Movie" */;
			buildPhases = (
				97A633CD2AF8AC9F00E8B8F4 /* Sources */,
				97A633CE2AF8AC9F00E8B8F4 /* Frameworks */,
				97A633CF2AF8AC9F00E8B8F4 /* Resources */,
			);
			buildRules = (
			);
			dependencies = (
			);
			name = Movie;
			productName = Movie;
			productReference = 97A633D12AF8AC9F00E8B8F4 /* Movie.app */;
			productType = "com.apple.product-type.application";
		};
		97A633E02AF8ACA200E8B8F4 /* MovieTests */ = {
			isa = PBXNativeTarget;
			buildConfigurationList = 97A633F82AF8ACA200E8B8F4 /* Build configuration list for PBXNativeTarget "MovieTests" */;
			buildPhases = (
				97A633DD2AF8ACA200E8B8F4 /* Sources */,
				97A633DE2AF8ACA200E8B8F4 /* Frameworks */,
				97A633DF2AF8ACA200E8B8F4 /* Resources */,
			);
			buildRules = (
			);
			dependencies = (
				97A633E32AF8ACA200E8B8F4 /* PBXTargetDependency */,
			);
			name = MovieTests;
			productName = MovieTests;
			productReference = 97A633E12AF8ACA200E8B8F4 /* MovieTests.xctest */;
			productType = "com.apple.product-type.bundle.unit-test";
		};
		97A633EA2AF8ACA200E8B8F4 /* MovieUITests */ = {
			isa = PBXNativeTarget;
			buildConfigurationList = 97A633FB2AF8ACA200E8B8F4 /* Build configuration list for PBXNativeTarget "MovieUITests" */;
			buildPhases = (
				97A633E72AF8ACA200E8B8F4 /* Sources */,
				97A633E82AF8ACA200E8B8F4 /* Frameworks */,
				97A633E92AF8ACA200E8B8F4 /* Resources */,
			);
			buildRules = (
			);
			dependencies = (
				97A633ED2AF8ACA200E8B8F4 /* PBXTargetDependency */,
			);
			name = MovieUITests;
			productName = MovieUITests;
			productReference = 97A633EB2AF8ACA200E8B8F4 /* MovieUITests.xctest */;
			productType = "com.apple.product-type.bundle.ui-testing";
		};
/* End PBXNativeTarget section */

/* Begin PBXProject section */
		97A633C92AF8AC9F00E8B8F4 /* Project object */ = {
			isa = PBXProject;
			attributes = {
				BuildIndependentTargetsInParallel = 1;
				LastSwiftUpdateCheck = 1500;
				LastUpgradeCheck = 1500;
				TargetAttributes = {
					97A633D02AF8AC9F00E8B8F4 = {
						CreatedOnToolsVersion = 15.0.1;
					};
					97A633E02AF8ACA200E8B8F4 = {
						CreatedOnToolsVersion = 15.0.1;
						TestTargetID = 97A633D02AF8AC9F00E8B8F4;
					};
					97A633EA2AF8ACA200E8B8F4 = {
						CreatedOnToolsVersion = 15.0.1;
						TestTargetID = 97A633D02AF8AC9F00E8B8F4;
					};
				};
			};
			buildConfigurationList = 97A633CC2AF8AC9F00E8B8F4 /* Build configuration list for PBXProject "Movie" */;
			compatibilityVersion = "Xcode 14.0";
			developmentRegion = en;
			hasScannedForEncodings = 0;
			knownRegions = (
				en,
				Base,
			);
			mainGroup = 97A633C82AF8AC9F00E8B8F4;
			productRefGroup = 97A633D22AF8AC9F00E8B8F4 /* Products */;
			projectDirPath = "";
			projectRoot = "";
			targets = (
				97A633D02AF8AC9F00E8B8F4 /* Movie */,
				97A633E02AF8ACA200E8B8F4 /* MovieTests */,
				97A633EA2AF8ACA200E8B8F4 /* MovieUITests */,
			);
		};
/* End PBXProject section */

/* Begin PBXResourcesBuildPhase section */
		97A633CF2AF8AC9F00E8B8F4 /* Resources */ = {
			isa = PBXResourcesBuildPhase;
			buildActionMask = 2147483647;
			files = (
				97A633DC2AF8ACA100E8B8F4 /* Preview Assets.xcassets in Resources */,
				97A633D92AF8ACA100E8B8F4 /* Assets.xcassets in Resources */,
			);
			runOnlyForDeploymentPostprocessing = 0;
		};
		97A633DF2AF8ACA200E8B8F4 /* Resources */ = {
			isa = PBXResourcesBuildPhase;
			buildActionMask = 2147483647;
			files = (
			);
			runOnlyForDeploymentPostprocessing = 0;
		};
		97A633E92AF8ACA200E8B8F4 /* Resources */ = {
			isa = PBXResourcesBuildPhase;
			buildActionMask = 2147483647;
			files = (
			);
			runOnlyForDeploymentPostprocessing = 0;
		};
/* End PBXResourcesBuildPhase section */

/* Begin PBXSourcesBuildPhase section */
		97A633CD2AF8AC9F00E8B8F4 /* Sources */ = {
			isa = PBXSourcesBuildPhase;
			buildActionMask = 2147483647;
			files = (
				97A633D72AF8AC9F00E8B8F4 /* ContentView.swift in Sources */,
				97A633D52AF8AC9F00E8B8F4 /* MovieApp.swift in Sources */,
			);
			runOnlyForDeploymentPostprocessing = 0;
		};
		97A633DD2AF8ACA200E8B8F4 /* Sources */ = {
			isa = PBXSourcesBuildPhase;
			buildActionMask = 2147483647;
			files = (
				97A633E62AF8ACA200E8B8F4 /* MovieTests.swift in Sources */,
			);
			runOnlyForDeploymentPostprocessing = 0;
		};
		97A633E72AF8ACA200E8B8F4 /* Sources */ = {
			isa = PBXSourcesBuildPhase;
			buildActionMask = 2147483647;
			files = (
				97A633F02AF8ACA200E8B8F4 /* MovieUITests.swift in Sources */,
				97A633F22AF8ACA200E8B8F4 /* MovieUITestsLaunchTests.swift in Sources */,
			);
			runOnlyForDeploymentPostprocessing = 0;
		};
/* End PBXSourcesBuildPhase section */

/* Begin PBXTargetDependency section */
		97A633E32AF8ACA200E8B8F4 /* PBXTargetDependency */ = {
			isa = PBXTargetDependency;
			target = 97A633D02AF8AC9F00E8B8F4 /* Movie */;
			targetProxy = 97A633E22AF8ACA200E8B8F4 /* PBXContainerItemProxy */;
		};
		97A633ED2AF8ACA200E8B8F4 /* PBXTargetDependency */ = {
			isa = PBXTargetDependency;
			target = 97A633D02AF8AC9F00E8B8F4 /* Movie */;
			targetProxy = 97A633EC2AF8ACA200E8B8F4 /* PBXContainerItemProxy */;
		};
/* End PBXTargetDependency section */

/* Begin XCBuildConfiguration section */
		97A633F32AF8ACA200E8B8F4 /* Debug */ = {
			isa = XCBuildConfiguration;
			buildSettings = {
				ALWAYS_SEARCH_USER_PATHS = NO;
				ASSETCATALOG_COMPILER_GENERATE_SWIFT_ASSET_SYMBOL_EXTENSIONS = YES;
				CLANG_ANALYZER_NONNULL = YES;
				CLANG_ANALYZER_NUMBER_OBJECT_CONVERSION = YES_AGGRESSIVE;
				CLANG_CXX_LANGUAGE_STANDARD = "gnu++20";
				CLANG_ENABLE_MODULES = YES;
				CLANG_ENABLE_OBJC_ARC = YES;
				CLANG_ENABLE_OBJC_WEAK = YES;
				CLANG_WARN_BLOCK_CAPTURE_AUTORELEASING = YES;
				CLANG_WARN_BOOL_CONVERSION = YES;
				CLANG_WARN_COMMA = YES;
				CLANG_WARN_CONSTANT_CONVERSION = YES;
				CLANG_WARN_DEPRECATED_OBJC_IMPLEMENTATIONS = YES;
				CLANG_WARN_DIRECT_OBJC_ISA_USAGE = YES_ERROR;
				CLANG_WARN_DOCUMENTATION_COMMENTS = YES;
				CLANG_WARN_EMPTY_BODY = YES;
				CLANG_WARN_ENUM_CONVERSION = YES;
				CLANG_WARN_INFINITE_RECURSION = YES;
				CLANG_WARN_INT_CONVERSION = YES;
				CLANG_WARN_NON_LITERAL_NULL_CONVERSION = YES;
				CLANG_WARN_OBJC_IMPLICIT_RETAIN_SELF = YES;
				CLANG_WARN_OBJC_LITERAL_CONVERSION = YES;
				CLANG_WARN_OBJC_ROOT_CLASS = YES_ERROR;
				CLANG_WARN_QUOTED_INCLUDE_IN_FRAMEWORK_HEADER = YES;
				CLANG_WARN_RANGE_LOOP_ANALYSIS = YES;
				CLANG_WARN_STRICT_PROTOTYPES = YES;
				CLANG_WARN_SUSPICIOUS_MOVE = YES;
				CLANG_WARN_UNGUARDED_AVAILABILITY = YES_AGGRESSIVE;
				CLANG_WARN_UNREACHABLE_CODE = YES;
				CLANG_WARN__DUPLICATE_METHOD_MATCH = YES;
				COPY_PHASE_STRIP = NO;
				DEBUG_INFORMATION_FORMAT = dwarf;
				ENABLE_STRICT_OBJC_MSGSEND = YES;
				ENABLE_TESTABILITY = YES;
				ENABLE_USER_SCRIPT_SANDBOXING = YES;
				GCC_C_LANGUAGE_STANDARD = gnu17;
				GCC_DYNAMIC_NO_PIC = NO;
				GCC_NO_COMMON_BLOCKS = YES;
				GCC_OPTIMIZATION_LEVEL = 0;
				GCC_PREPROCESSOR_DEFINITIONS = (
					"DEBUG=1",
					"$(inherited)",
				);
				GCC_WARN_64_TO_32_BIT_CONVERSION = YES;
				GCC_WARN_ABOUT_RETURN_TYPE = YES_ERROR;
				GCC_WARN_UNDECLARED_SELECTOR = YES;
				GCC_WARN_UNINITIALIZED_AUTOS = YES_AGGRESSIVE;
				GCC_WARN_UNUSED_FUNCTION = YES;
				GCC_WARN_UNUSED_VARIABLE = YES;
				IPHONEOS_DEPLOYMENT_TARGET = 17.0;
				LOCALIZATION_PREFERS_STRING_CATALOGS = YES;
				MTL_ENABLE_DEBUG_INFO = INCLUDE_SOURCE;
				MTL_FAST_MATH = YES;
				ONLY_ACTIVE_ARCH = YES;
				SDKROOT = iphoneos;
				SWIFT_ACTIVE_COMPILATION_CONDITIONS = "DEBUG $(inherited)";
				SWIFT_OPTIMIZATION_LEVEL = "-Onone";
			};
			name = Debug;
		};
		97A633F42AF8ACA200E8B8F4 /* Release */ = {
			isa = XCBuildConfiguration;
			buildSettings = {
				ALWAYS_SEARCH_USER_PATHS = NO;
				ASSETCATALOG_COMPILER_GENERATE_SWIFT_ASSET_SYMBOL_EXTENSIONS = YES;
				CLANG_ANALYZER_NONNULL = YES;
				CLANG_ANALYZER_NUMBER_OBJECT_CONVERSION = YES_AGGRESSIVE;
				CLANG_CXX_LANGUAGE_STANDARD = "gnu++20";
				CLANG_ENABLE_MODULES = YES;
				CLANG_ENABLE_OBJC_ARC = YES;
				CLANG_ENABLE_OBJC_WEAK = YES;
				CLANG_WARN_BLOCK_CAPTURE_AUTORELEASING = YES;
				CLANG_WARN_BOOL_CONVERSION = YES;
				CLANG_WARN_COMMA = YES;
				CLANG_WARN_CONSTANT_CONVERSION = YES;
				CLANG_WARN_DEPRECATED_OBJC_IMPLEMENTATIONS = YES;
				CLANG_WARN_DIRECT_OBJC_ISA_USAGE = YES_ERROR;
				CLANG_WARN_DOCUMENTATION_COMMENTS = YES;
				CLANG_WARN_EMPTY_BODY = YES;
				CLANG_WARN_ENUM_CONVERSION = YES;
				CLANG_WARN_INFINITE_RECURSION = YES;
				CLANG_WARN_INT_CONVERSION = YES;
				CLANG_WARN_NON_LITERAL_NULL_CONVERSION = YES;
				CLANG_WARN_OBJC_IMPLICIT_RETAIN_SELF = YES;
				CLANG_WARN_OBJC_LITERAL_CONVERSION = YES;
				CLANG_WARN_OBJC_ROOT_CLASS = YES_ERROR;
				CLANG_WARN_QUOTED_INCLUDE_IN_FRAMEWORK_HEADER = YES;
				CLANG_WARN_RANGE_LOOP_ANALYSIS = YES;
				CLANG_WARN_STRICT_PROTOTYPES = YES;
				CLANG_WARN_SUSPICIOUS_MOVE = YES;
				CLANG_WARN_UNGUARDED_AVAILABILITY = YES_AGGRESSIVE;
				CLANG_WARN_UNREACHABLE_CODE = YES;
				CLANG_WARN__DUPLICATE_METHOD_MATCH = YES;
				COPY_PHASE_STRIP = NO;
				DEBUG_INFORMATION_FORMAT = "dwarf-with-dsym";
				ENABLE_NS_ASSERTIONS = NO;
				ENABLE_STRICT_OBJC_MSGSEND = YES;
				ENABLE_USER_SCRIPT_SANDBOXING = YES;
				GCC_C_LANGUAGE_STANDARD = gnu17;
				GCC_NO_COMMON_BLOCKS = YES;
				GCC_WARN_64_TO_32_BIT_CONVERSION = YES;
				GCC_WARN_ABOUT_RETURN_TYPE = YES_ERROR;
				GCC_WARN_UNDECLARED_SELECTOR = YES;
				GCC_WARN_UNINITIALIZED_AUTOS = YES_AGGRESSIVE;
				GCC_WARN_UNUSED_FUNCTION = YES;
				GCC_WARN_UNUSED_VARIABLE = YES;
				IPHONEOS_DEPLOYMENT_TARGET = 17.0;
				LOCALIZATION_PREFERS_STRING_CATALOGS = YES;
				MTL_ENABLE_DEBUG_INFO = NO;
				MTL_FAST_MATH = YES;
				SDKROOT = iphoneos;
				SWIFT_COMPILATION_MODE = wholemodule;
				VALIDATE_PRODUCT = YES;
			};
			name = Release;
		};
		97A633F62AF8ACA200E8B8F4 /* Debug */ = {
			isa = XCBuildConfiguration;
			buildSettings = {
				ASSETCATALOG_COMPILER_APPICON_NAME = AppIcon;
				ASSETCATALOG_COMPILER_GLOBAL_ACCENT_COLOR_NAME = AccentColor;
				CODE_SIGN_STYLE = Automatic;
				CURRENT_PROJECT_VERSION = 1;
				DEVELOPMENT_ASSET_PATHS = "\"Movie/Preview Content\"";
				ENABLE_PREVIEWS = YES;
				GENERATE_INFOPLIST_FILE = YES;
				INFOPLIST_KEY_UIApplicationSceneManifest_Generation = YES;
				INFOPLIST_KEY_UIApplicationSupportsIndirectInputEvents = YES;
				INFOPLIST_KEY_UILaunchScreen_Generation = YES;
				INFOPLIST_KEY_UISupportedInterfaceOrientations_iPad = "UIInterfaceOrientationPortrait UIInterfaceOrientationPortraitUpsideDown UIInterfaceOrientationLandscapeLeft UIInterfaceOrientationLandscapeRight";
				INFOPLIST_KEY_UISupportedInterfaceOrientations_iPhone = "UIInterfaceOrientationPortrait UIInterfaceOrientationLandscapeLeft UIInterfaceOrientationLandscapeRight";
				LD_RUNPATH_SEARCH_PATHS = (
					"$(inherited)",
					"@executable_path/Frameworks",
				);
				MARKETING_VERSION = 1.0;
				PRODUCT_BUNDLE_IDENTIFIER = com.litmus7.Movie;
				PRODUCT_NAME = "$(TARGET_NAME)";
				SWIFT_EMIT_LOC_STRINGS = YES;
				SWIFT_VERSION = 5.0;
				TARGETED_DEVICE_FAMILY = "1,2";
			};
			name = Debug;
		};
		97A633F72AF8ACA200E8B8F4 /* Release */ = {
			isa = XCBuildConfiguration;
			buildSettings = {
				ASSETCATALOG_COMPILER_APPICON_NAME = AppIcon;
				ASSETCATALOG_COMPILER_GLOBAL_ACCENT_COLOR_NAME = AccentColor;
				CODE_SIGN_STYLE = Automatic;
				CURRENT_PROJECT_VERSION = 1;
				DEVELOPMENT_ASSET_PATHS = "\"Movie/Preview Content\"";
				ENABLE_PREVIEWS = YES;
				GENERATE_INFOPLIST_FILE = YES;
				INFOPLIST_KEY_UIApplicationSceneManifest_Generation = YES;
				INFOPLIST_KEY_UIApplicationSupportsIndirectInputEvents = YES;
				INFOPLIST_KEY_UILaunchScreen_Generation = YES;
				INFOPLIST_KEY_UISupportedInterfaceOrientations_iPad = "UIInterfaceOrientationPortrait UIInterfaceOrientationPortraitUpsideDown UIInterfaceOrientationLandscapeLeft UIInterfaceOrientationLandscapeRight";
				INFOPLIST_KEY_UISupportedInterfaceOrientations_iPhone = "UIInterfaceOrientationPortrait UIInterfaceOrientationLandscapeLeft UIInterfaceOrientationLandscapeRight";
				LD_RUNPATH_SEARCH_PATHS = (
					"$(inherited)",
					"@executable_path/Frameworks",
				);
				MARKETING_VERSION = 1.0;
				PRODUCT_BUNDLE_IDENTIFIER = com.litmus7.Movie;
				PRODUCT_NAME = "$(TARGET_NAME)";
				SWIFT_EMIT_LOC_STRINGS = YES;
				SWIFT_VERSION = 5.0;
				TARGETED_DEVICE_FAMILY = "1,2";
			};
			name = Release;
		};
		97A633F92AF8ACA200E8B8F4 /* Debug */ = {
			isa = XCBuildConfiguration;
			buildSettings = {
				ALWAYS_EMBED_SWIFT_STANDARD_LIBRARIES = YES;
				BUNDLE_LOADER = "$(TEST_HOST)";
				CODE_SIGN_STYLE = Automatic;
				CURRENT_PROJECT_VERSION = 1;
				GENERATE_INFOPLIST_FILE = YES;
				IPHONEOS_DEPLOYMENT_TARGET = 17.0;
				MARKETING_VERSION = 1.0;
				PRODUCT_BUNDLE_IDENTIFIER = com.litmus7.MovieTests;
				PRODUCT_NAME = "$(TARGET_NAME)";
				SWIFT_EMIT_LOC_STRINGS = NO;
				SWIFT_VERSION = 5.0;
				TARGETED_DEVICE_FAMILY = "1,2";
				TEST_HOST = "$(BUILT_PRODUCTS_DIR)/Movie.app/$(BUNDLE_EXECUTABLE_FOLDER_PATH)/Movie";
			};
			name = Debug;
		};
		97A633FA2AF8ACA200E8B8F4 /* Release */ = {
			isa = XCBuildConfiguration;
			buildSettings = {
				ALWAYS_EMBED_SWIFT_STANDARD_LIBRARIES = YES;
				BUNDLE_LOADER = "$(TEST_HOST)";
				CODE_SIGN_STYLE = Automatic;
				CURRENT_PROJECT_VERSION = 1;
				GENERATE_INFOPLIST_FILE = YES;
				IPHONEOS_DEPLOYMENT_TARGET = 17.0;
				MARKETING_VERSION = 1.0;
				PRODUCT_BUNDLE_IDENTIFIER = com.litmus7.MovieTests;
				PRODUCT_NAME = "$(TARGET_NAME)";
				SWIFT_EMIT_LOC_STRINGS = NO;
				SWIFT_VERSION = 5.0;
				TARGETED_DEVICE_FAMILY = "1,2";
				TEST_HOST = "$(BUILT_PRODUCTS_DIR)/Movie.app/$(BUNDLE_EXECUTABLE_FOLDER_PATH)/Movie";
			};
			name = Release;
		};
		97A633FC2AF8ACA200E8B8F4 /* Debug */ = {
			isa = XCBuildConfiguration;
			buildSettings = {
				ALWAYS_EMBED_SWIFT_STANDARD_LIBRARIES = YES;
				CODE_SIGN_STYLE = Automatic;
				CURRENT_PROJECT_VERSION = 1;
				GENERATE_INFOPLIST_FILE = YES;
				MARKETING_VERSION = 1.0;
				PRODUCT_BUNDLE_IDENTIFIER = com.litmus7.MovieUITests;
				PRODUCT_NAME = "$(TARGET_NAME)";
				SWIFT_EMIT_LOC_STRINGS = NO;
				SWIFT_VERSION = 5.0;
				TARGETED_DEVICE_FAMILY = "1,2";
				TEST_TARGET_NAME = Movie;
			};
			name = Debug;
		};
		97A633FD2AF8ACA200E8B8F4 /* Release */ = {
			isa = XCBuildConfiguration;
			buildSettings = {
				ALWAYS_EMBED_SWIFT_STANDARD_LIBRARIES = YES;
				CODE_SIGN_STYLE = Automatic;
				CURRENT_PROJECT_VERSION = 1;
				GENERATE_INFOPLIST_FILE = YES;
				MARKETING_VERSION = 1.0;
				PRODUCT_BUNDLE_IDENTIFIER = com.litmus7.MovieUITests;
				PRODUCT_NAME = "$(TARGET_NAME)";
				SWIFT_EMIT_LOC_STRINGS = NO;
				SWIFT_VERSION = 5.0;
				TARGETED_DEVICE_FAMILY = "1,2";
				TEST_TARGET_NAME = Movie;
			};
			name = Release;
		};
/* End XCBuildConfiguration section */

/* Begin XCConfigurationList section */
		97A633CC2AF8AC9F00E8B8F4 /* Build configuration list for PBXProject "Movie" */ = {
			isa = XCConfigurationList;
			buildConfigurations = (
				97A633F32AF8ACA200E8B8F4 /* Debug */,
				97A633F42AF8ACA200E8B8F4 /* Release */,
			);
			defaultConfigurationIsVisible = 0;
			defaultConfigurationName = Release;
		};
		97A633F52AF8ACA200E8B8F4 /* Build configuration list for PBXNativeTarget "Movie" */ = {
			isa = XCConfigurationList;
			buildConfigurations = (
				97A633F62AF8ACA200E8B8F4 /* Debug */,
				97A633F72AF8ACA200E8B8F4 /* Release */,
			);
			defaultConfigurationIsVisible = 0;
			defaultConfigurationName = Release;
		};
		97A633F82AF8ACA200E8B8F4 /* Build configuration list for PBXNativeTarget "MovieTests" */ = {
			isa = XCConfigurationList;
			buildConfigurations = (
				97A633F92AF8ACA200E8B8F4 /* Debug */,
				97A633FA2AF8ACA200E8B8F4 /* Release */,
			);
			defaultConfigurationIsVisible = 0;
			defaultConfigurationName = Release;
		};
		97A633FB2AF8ACA200E8B8F4 /* Build configuration list for PBXNativeTarget "MovieUITests" */ = {
			isa = XCConfigurationList;
			buildConfigurations = (
				97A633FC2AF8ACA200E8B8F4 /* Debug */,
				97A633FD2AF8ACA200E8B8F4 /* Release */,
			);
			defaultConfigurationIsVisible = 0;
			defaultConfigurationName = Release;
		};
/* End XCConfigurationList section */
	};
	rootObject = 97A633C92AF8AC9F00E8B8F4 /* Project object */;
}
